<?xml version="1.0" encoding="utf-8"?>
<Project ToolsVersion="4.0" xmlns="http://schemas.microsoft.com/developer/msbuild/2003">
  <ItemGroup>
    <Filter Include="source">
      <UniqueIdentifier>{4FC737F1-C7A5-4376-A066-2A32D752A2FF}</UniqueIdentifier>
      <Extensions>cpp;c;cc;cxx;c++;cppm;ixx;def;odl;idl;hpj;bat;asm;asmx</Extensions>
    </Filter>
    <Filter Include="header">
      <UniqueIdentifier>{93995380-89BD-4b04-88EB-625FBE52EBFB}</UniqueIdentifier>
      <Extensions>h;hh;hpp;hxx;h++;hm;inl;inc;ipp;xsd</Extensions>
    </Filter>
    <Filter Include="header\Math">
      <UniqueIdentifier>{21e59e16-ffda-445a-860f-f81651fe7862}</UniqueIdentifier>
    </Filter>
    <Filter Include="source\math">
      <UniqueIdentifier>{175051cd-99ca-495f-890c-e77096e0d0e7}</UniqueIdentifier>
    </Filter>
    <Filter Include="shader">
      <UniqueIdentifier>{67DA6AB6-F800-4c08-8B7A-83BB121AAD01}</UniqueIdentifier>
      <Extensions>rc;ico;cur;bmp;dlg;rc2;rct;bin;rgs;gif;jpg;jpeg;jpe;resx;tiff;tif;png;wav;mfcribbon-ms</Extensions>
    </Filter>
    <Filter Include="shader\Basic">
      <UniqueIdentifier>{b87785d0-e973-48fd-afca-0603e0195756}</UniqueIdentifier>
    </Filter>
    <Filter Include="shader\Sprite">
      <UniqueIdentifier>{d3676579-2d16-445e-b199-c74278037736}</UniqueIdentifier>
    </Filter>
    <Filter Include="source\Sprite">
      <UniqueIdentifier>{5aad576f-57e6-434c-be76-d11319e08d1a}</UniqueIdentifier>
    </Filter>
    <Filter Include="header\Sprite">
      <UniqueIdentifier>{b08de84f-c36e-411e-8048-812e1ead4396}</UniqueIdentifier>
    </Filter>
    <Filter Include="header\Input">
      <UniqueIdentifier>{597efe1a-4330-4b7e-b0b1-04dbde323c9d}</UniqueIdentifier>
    </Filter>
    <Filter Include="source\Input">
      <UniqueIdentifier>{3ee39bde-82cd-4565-ab8f-e5c650abaede}</UniqueIdentifier>
    </Filter>
    <Filter Include="source\Base">
      <UniqueIdentifier>{23dfb840-9cce-4aa9-969c-f8395fe2e5fb}</UniqueIdentifier>
    </Filter>
    <Filter Include="header\Base">
      <UniqueIdentifier>{b8ec1507-512b-4300-bba9-f6418915b533}</UniqueIdentifier>
    </Filter>
    <Filter Include="header\Scene">
      <UniqueIdentifier>{53319076-e12f-4da8-9639-08ad6d56e162}</UniqueIdentifier>
    </Filter>
    <Filter Include="source\Scene">
      <UniqueIdentifier>{bde4d532-f041-41e7-8957-e24b35c64f37}</UniqueIdentifier>
    </Filter>
    <Filter Include="header\3D">
      <UniqueIdentifier>{c2428435-16a1-49de-b27b-e14c98f4d727}</UniqueIdentifier>
    </Filter>
    <Filter Include="source\3D">
      <UniqueIdentifier>{5e94fc18-8da3-4baa-877a-00d97b6a3b5b}</UniqueIdentifier>
    </Filter>
    <Filter Include="header\Texture">
      <UniqueIdentifier>{20c27ee1-f864-4ab5-846c-12cf8e4a0a99}</UniqueIdentifier>
    </Filter>
    <Filter Include="source\Texture">
      <UniqueIdentifier>{65faf79c-1564-4947-84a7-af5bfe166a7d}</UniqueIdentifier>
    </Filter>
  </ItemGroup>
  <ItemGroup>
    <ClCompile Include="math\MathFunc.cpp">
      <Filter>source\math</Filter>
    </ClCompile>
    <ClCompile Include="math\Matrix4.cpp">
      <Filter>source\math</Filter>
    </ClCompile>
    <ClCompile Include="math\Vector2.cpp">
      <Filter>source\math</Filter>
    </ClCompile>
    <ClCompile Include="math\Vector3.cpp">
      <Filter>source\math</Filter>
    </ClCompile>
    <ClCompile Include="math\Vector4.cpp">
      <Filter>source\math</Filter>
    </ClCompile>
    <ClCompile Include="Base\main.cpp">
      <Filter>source\Base</Filter>
    </ClCompile>
    <ClCompile Include="Base\DirectXCommon.cpp">
      <Filter>source\Base</Filter>
    </ClCompile>
    <ClCompile Include="Base\WinApp.cpp">
      <Filter>source\Base</Filter>
    </ClCompile>
    <ClCompile Include="Input\Input.cpp">
      <Filter>source\Input</Filter>
    </ClCompile>
    <ClCompile Include="math\WorldTransform.cpp">
      <Filter>source\math</Filter>
    </ClCompile>
    <ClCompile Include="Sprite\Sprite.cpp">
      <Filter>source\Sprite</Filter>
    </ClCompile>
    <ClCompile Include="Sprite\SpriteCommon.cpp">
      <Filter>source\Sprite</Filter>
    </ClCompile>
    <ClCompile Include="Scene\GameScene.cpp">
      <Filter>source\Scene</Filter>
    </ClCompile>
    <ClCompile Include="3D\Object3D.cpp">
      <Filter>source\3D</Filter>
    </ClCompile>
    <ClCompile Include="3D\ViewProjection.cpp">
      <Filter>source\3D</Filter>
    </ClCompile>
    <ClCompile Include="3D\Model.cpp">
      <Filter>source\3D</Filter>
    </ClCompile>
    <ClCompile Include="3D\ModelManager.cpp">
      <Filter>source\3D</Filter>
    </ClCompile>
    <ClCompile Include="Texture\TextureManager.cpp">
      <Filter>source\Texture</Filter>
    </ClCompile>
    <ClCompile Include="Texture\Texture.cpp">
      <Filter>source\Texture</Filter>
    </ClCompile>
  </ItemGroup>
  <ItemGroup>
    <ClInclude Include="math\MathFunc.h">
      <Filter>header\Math</Filter>
    </ClInclude>
    <ClInclude Include="math\Matrix4.h">
      <Filter>header\Math</Filter>
    </ClInclude>
    <ClInclude Include="math\Vector2.h">
      <Filter>header\Math</Filter>
    </ClInclude>
    <ClInclude Include="math\Vector3.h">
      <Filter>header\Math</Filter>
    </ClInclude>
    <ClInclude Include="math\Vector4.h">
      <Filter>header\Math</Filter>
    </ClInclude>
    <ClInclude Include="Base\DirectXCommon.h">
      <Filter>header\Base</Filter>
    </ClInclude>
    <ClInclude Include="Base\WinApp.h">
      <Filter>header\Base</Filter>
    </ClInclude>
    <ClInclude Include="Input\Input.h">
      <Filter>header\Input</Filter>
    </ClInclude>
    <ClInclude Include="math\WorldTransform.h">
      <Filter>header\Math</Filter>
    </ClInclude>
    <ClInclude Include="Sprite\Sprite.h">
      <Filter>header\Sprite</Filter>
    </ClInclude>
    <ClInclude Include="Sprite\SpriteCommon.h">
      <Filter>header\Sprite</Filter>
    </ClInclude>
    <ClInclude Include="3D\Object3D.h">
      <Filter>header\3D</Filter>
    </ClInclude>
    <ClInclude Include="Scene\GameScene.h">
      <Filter>header\Scene</Filter>
    </ClInclude>
    <ClInclude Include="3D\ViewProjection.h">
      <Filter>header\3D</Filter>
    </ClInclude>
    <ClInclude Include="3D\Model.h">
      <Filter>header\3D</Filter>
    </ClInclude>
    <ClInclude Include="3D\ModelManager.h">
      <Filter>header\3D</Filter>
    </ClInclude>
    <ClInclude Include="Texture\TextureManager.h">
      <Filter>header\Texture</Filter>
    </ClInclude>
    <ClInclude Include="Texture\Texture.h">
      <Filter>header\Texture</Filter>
    </ClInclude>
  </ItemGroup>
  <ItemGroup>
    <None Include="Resources\shader\Basic\Basic.hlsli">
      <Filter>shader\Basic</Filter>
    </None>
    <None Include="Resources\shader\Sprite\Sprite.hlsli">
      <Filter>shader\Sprite</Filter>
    </None>
  </ItemGroup>
  <ItemGroup>
    <FxCompile Include="Resources\shader\Basic\BasicVS.hlsl">
      <Filter>shader\Basic</Filter>
    </FxCompile>
    <FxCompile Include="Resources\shader\Basic\BasicPS.hlsl">
      <Filter>shader\Basic</Filter>
    </FxCompile>
    <FxCompile Include="Resources\shader\Sprite\SpritePS.hlsl">
      <Filter>shader\Sprite</Filter>
    </FxCompile>
    <FxCompile Include="Resources\shader\Sprite\SpriteVS.hlsl">
      <Filter>shader\Sprite</Filter>
    </FxCompile>
  </ItemGroup>
</Project>